
Microsoft Visual Studio Solution File, Format Version 12.00
# Visual Studio Version 16
VisualStudioVersion = 16.0.30225.117
MinimumVisualStudioVersion = 10.0.40219.1
Project("{FAE04EC0-301F-11D3-BF4B-00C04F79EFBC}") = "AdjacentMaxDistance_Test", "AdjacentMaxDistance_Test\AdjacentMaxDistance_Test.csproj", "{F77A64E7-830E-465A-9587-7B7031545F55}"
EndProject
Global
	GlobalSection(SolutionConfigurationPlatforms) = preSolution
		Debug|Any CPU = Debug|Any CPU
		Release|Any CPU = Release|Any CPU
	EndGlobalSection
	GlobalSection(ProjectConfigurationPlatforms) = postSolution
		{F77A64E7-830E-465A-9587-7B7031545F55}.Debug|Any CPU.ActiveCfg = Debug|Any CPU
		{F77A64E7-830E-465A-9587-7B7031545F55}.Debug|Any CPU.Build.0 = Debug|Any CPU
		{F77A64E7-830E-465A-9587-7B7031545F55}.Release|Any CPU.ActiveCfg = Release|Any CPU
		{F77A64E7-830E-465A-9587-7B7031545F55}.Release|Any CPU.Build.0 = Release|Any CPU
	EndGlobalSection
	GlobalSection(SolutionProperties) = preSolution
		HideSolutionNode = FALSE
	EndGlobalSection
	GlobalSection(ExtensibilityGlobals) = postSolution
		SolutionGuid = {8C1F0F0A-813A-4B61-8A56-2CE4A38B67E0}
	EndGlobalSection
EndGlobal
